# This file is automatically @generated by Cargo.
# It is not intended for manual editing.
version = 3

[[package]]
name = "assembler"
version = "0.10.1"
dependencies = [
 "libc",
 "likely",
]

[[package]]
name = "libc"
version = "0.2.138"
source = "registry+https://github.com/rust-lang/crates.io-index"
checksum = "db6d7e329c562c5dfab7a46a2afabc8b987ab9a4834c9d1ca04dc54c1546cef8"

[[package]]
name = "likely"
version = "0.1.0"
source = "registry+https://github.com/rust-lang/crates.io-index"
checksum = "a376724c7528c066bb67f2e958a9ce95f1dee26a57e614f64a9e7b15ea0bb9f5"
